
Microsoft Visual Studio Solution File, Format Version 12.00
# Visual Studio Version 16
VisualStudioVersion = 16.0.30503.244
MinimumVisualStudioVersion = 10.0.40219.1
Project("{FAE04EC0-301F-11D3-BF4B-00C04F79EFBC}") = "Bates", "Bates\Bates.csproj", "{C57237D2-F6A4-448E-95C0-DCFED0313DD1}"
EndProject
Global
	GlobalSection(SolutionConfigurationPlatforms) = preSolution
		Debug|Any CPU = Debug|Any CPU
		Release|Any CPU = Release|Any CPU
	EndGlobalSection
	GlobalSection(ProjectConfigurationPlatforms) = postSolution
		{C57237D2-F6A4-448E-95C0-DCFED0313DD1}.Debug|Any CPU.ActiveCfg = Debug|Any CPU
		{C57237D2-F6A4-448E-95C0-DCFED0313DD1}.Debug|Any CPU.Build.0 = Debug|Any CPU
		{C57237D2-F6A4-448E-95C0-DCFED0313DD1}.Release|Any CPU.ActiveCfg = Release|Any CPU
		{C57237D2-F6A4-448E-95C0-DCFED0313DD1}.Release|Any CPU.Build.0 = Release|Any CPU
	EndGlobalSection
	GlobalSection(SolutionProperties) = preSolution
		HideSolutionNode = FALSE
	EndGlobalSection
	GlobalSection(ExtensibilityGlobals) = postSolution
		SolutionGuid = {1326D11E-1515-4533-929A-56D848AA683C}
	EndGlobalSection
EndGlobal
